
Microsoft Visual Studio Solution File, Format Version 12.00
# Visual Studio Version 16
VisualStudioVersion = 25.0.1704.5
MinimumVisualStudioVersion = 10.0.40219.1
Project("{FAE04EC0-301F-11D3-BF4B-00C04F79EFBC}") = "TargetsMG", "TargetsMG\TargetsMG.csproj", "{E0A521FF-D29C-4C4D-9EBD-7BB26B0F082F}"
EndProject
Global
	GlobalSection(SolutionConfigurationPlatforms) = preSolution
		Debug|Any CPU = Debug|Any CPU
		Release|Any CPU = Release|Any CPU
	EndGlobalSection
	GlobalSection(ProjectConfigurationPlatforms) = postSolution
		{E0A521FF-D29C-4C4D-9EBD-7BB26B0F082F}.Debug|Any CPU.ActiveCfg = Debug|Any CPU
		{E0A521FF-D29C-4C4D-9EBD-7BB26B0F082F}.Debug|Any CPU.Build.0 = Debug|Any CPU
		{E0A521FF-D29C-4C4D-9EBD-7BB26B0F082F}.Release|Any CPU.ActiveCfg = Release|Any CPU
		{E0A521FF-D29C-4C4D-9EBD-7BB26B0F082F}.Release|Any CPU.Build.0 = Release|Any CPU
	EndGlobalSection
	GlobalSection(SolutionProperties) = preSolution
		HideSolutionNode = FALSE
	EndGlobalSection
	GlobalSection(ExtensibilityGlobals) = postSolution
		SolutionGuid = {CF808EDA-8711-4A97-8595-392EC93CB59A}
	EndGlobalSection
EndGlobal
